
Microsoft Visual Studio Solution File, Format Version 12.00
# Visual Studio Version 16
VisualStudioVersion = 16.0.32228.343
MinimumVisualStudioVersion = 10.0.40219.1
Project("{FAE04EC0-301F-11D3-BF4B-00C04F79EFBC}") = "RedBlackTree", "RedBlackTree.csproj", "{BCF1633C-777E-4DBB-8236-29302D813AF2}"
EndProject
Global
	GlobalSection(SolutionConfigurationPlatforms) = preSolution
		Debug|Any CPU = Debug|Any CPU
		Release|Any CPU = Release|Any CPU
	EndGlobalSection
	GlobalSection(ProjectConfigurationPlatforms) = postSolution
		{BCF1633C-777E-4DBB-8236-29302D813AF2}.Debug|Any CPU.ActiveCfg = Debug|Any CPU
		{BCF1633C-777E-4DBB-8236-29302D813AF2}.Debug|Any CPU.Build.0 = Debug|Any CPU
		{BCF1633C-777E-4DBB-8236-29302D813AF2}.Release|Any CPU.ActiveCfg = Release|Any CPU
		{BCF1633C-777E-4DBB-8236-29302D813AF2}.Release|Any CPU.Build.0 = Release|Any CPU
	EndGlobalSection
	GlobalSection(SolutionProperties) = preSolution
		HideSolutionNode = FALSE
	EndGlobalSection
	GlobalSection(ExtensibilityGlobals) = postSolution
		SolutionGuid = {FFFD4AC7-0030-4AA9-92A0-84017088EB54}
	EndGlobalSection
EndGlobal
